// !$*UTF8*$!
{
	archiveVersion = 1;
	classes = {
	};
	objectVersion = 50;
	objects = {

/* Begin PBXBuildFile section */
		67EFFF4A262954CA0067BCD3 /* icarusApp.swift in Sources */ = {isa = PBXBuildFile; fileRef = 67EFFF49262954CA0067BCD3 /* icarusApp.swift */; };
		67EFFF4C262954CA0067BCD3 /* ContentView.swift in Sources */ = {isa = PBXBuildFile; fileRef = 67EFFF4B262954CA0067BCD3 /* ContentView.swift */; };
		67EFFF4E262954CC0067BCD3 /* Assets.xcassets in Resources */ = {isa = PBXBuildFile; fileRef = 67EFFF4D262954CC0067BCD3 /* Assets.xcassets */; };
		67EFFF51262954CC0067BCD3 /* Preview Assets.xcassets in Resources */ = {isa = PBXBuildFile; fileRef = 67EFFF50262954CC0067BCD3 /* Preview Assets.xcassets */; };
		67EFFF5C262954CD0067BCD3 /* icarusTests.swift in Sources */ = {isa = PBXBuildFile; fileRef = 67EFFF5B262954CD0067BCD3 /* icarusTests.swift */; };
		67EFFF67262954CD0067BCD3 /* icarusUITests.swift in Sources */ = {isa = PBXBuildFile; fileRef = 67EFFF66262954CD0067BCD3 /* icarusUITests.swift */; };
/* End PBXBuildFile section */

/* Begin PBXContainerItemProxy section */
		67EFFF58262954CD0067BCD3 /* PBXContainerItemProxy */ = {
			isa = PBXContainerItemProxy;
			containerPortal = 67EFFF3E262954CA0067BCD3 /* Project object */;
			proxyType = 1;
			remoteGlobalIDString = 67EFFF45262954CA0067BCD3;
			remoteInfo = icarus;
		};
		67EFFF63262954CD0067BCD3 /* PBXContainerItemProxy */ = {
			isa = PBXContainerItemProxy;
			containerPortal = 67EFFF3E262954CA0067BCD3 /* Project object */;
			proxyType = 1;
			remoteGlobalIDString = 67EFFF45262954CA0067BCD3;
			remoteInfo = icarus;
		};
/* End PBXContainerItemProxy section */

/* Begin PBXFileReference section */
		67EFFF46262954CA0067BCD3 /* icarus.app */ = {isa = PBXFileReference; explicitFileType = wrapper.application; includeInIndex = 0; path = icarus.app; sourceTree = BUILT_PRODUCTS_DIR; };
		67EFFF49262954CA0067BCD3 /* icarusApp.swift */ = {isa = PBXFileReference; lastKnownFileType = sourcecode.swift; path = icarusApp.swift; sourceTree = "<group>"; };
		67EFFF4B262954CA0067BCD3 /* ContentView.swift */ = {isa = PBXFileReference; lastKnownFileType = sourcecode.swift; path = ContentView.swift; sourceTree = "<group>"; };
		67EFFF4D262954CC0067BCD3 /* Assets.xcassets */ = {isa = PBXFileReference; lastKnownFileType = folder.assetcatalog; path = Assets.xcassets; sourceTree = "<group>"; };
		67EFFF50262954CC0067BCD3 /* Preview Assets.xcassets */ = {isa = PBXFileReference; lastKnownFileType = folder.assetcatalog; path = "Preview Assets.xcassets"; sourceTree = "<group>"; };
		67EFFF52262954CC0067BCD3 /* Info.plist */ = {isa = PBXFileReference; lastKnownFileType = text.plist.xml; path = Info.plist; sourceTree = "<group>"; };
		67EFFF57262954CD0067BCD3 /* icarusTests.xctest */ = {isa = PBXFileReference; explicitFileType = wrapper.cfbundle; includeInIndex = 0; path = icarusTests.xctest; sourceTree = BUILT_PRODUCTS_DIR; };
		67EFFF5B262954CD0067BCD3 /* icarusTests.swift */ = {isa = PBXFileReference; lastKnownFileType = sourcecode.swift; path = icarusTests.swift; sourceTree = "<group>"; };
		67EFFF5D262954CD0067BCD3 /* Info.plist */ = {isa = PBXFileReference; lastKnownFileType = text.plist.xml; path = Info.plist; sourceTree = "<group>"; };
		67EFFF62262954CD0067BCD3 /* icarusUITests.xctest */ = {isa = PBXFileReference; explicitFileType = wrapper.cfbundle; includeInIndex = 0; path = icarusUITests.xctest; sourceTree = BUILT_PRODUCTS_DIR; };
		67EFFF66262954CD0067BCD3 /* icarusUITests.swift */ = {isa = PBXFileReference; lastKnownFileType = sourcecode.swift; path = icarusUITests.swift; sourceTree = "<group>"; };
		67EFFF68262954CD0067BCD3 /* Info.plist */ = {isa = PBXFileReference; lastKnownFileType = text.plist.xml; path = Info.plist; sourceTree = "<group>"; };
/* End PBXFileReference section */

/* Begin PBXFrameworksBuildPhase section */
		67EFFF43262954CA0067BCD3 /* Frameworks */ = {
			isa = PBXFrameworksBuildPhase;
			buildActionMask = 2147483647;
			files = (
			);
			runOnlyForDeploymentPostprocessing = 0;
		};
		67EFFF54262954CD0067BCD3 /* Frameworks */ = {
			isa = PBXFrameworksBuildPhase;
			buildActionMask = 2147483647;
			files = (
			);
			runOnlyForDeploymentPostprocessing = 0;
		};
		67EFFF5F262954CD0067BCD3 /* Frameworks */ = {
			isa = PBXFrameworksBuildPhase;
			buildActionMask = 2147483647;
			files = (
			);
			runOnlyForDeploymentPostprocessing = 0;
		};
/* End PBXFrameworksBuildPhase section */

/* Begin PBXGroup section */
		67EFFF3D262954CA0067BCD3 = {
			isa = PBXGroup;
			children = (
				67EFFF48262954CA0067BCD3 /* icarus */,
				67EFFF5A262954CD0067BCD3 /* icarusTests */,
				67EFFF65262954CD0067BCD3 /* icarusUITests */,
				67EFFF47262954CA0067BCD3 /* Products */,
			);
			sourceTree = "<group>";
		};
		67EFFF47262954CA0067BCD3 /* Products */ = {
			isa = PBXGroup;
			children = (
				67EFFF46262954CA0067BCD3 /* icarus.app */,
				67EFFF57262954CD0067BCD3 /* icarusTests.xctest */,
				67EFFF62262954CD0067BCD3 /* icarusUITests.xctest */,
			);
			name = Products;
			sourceTree = "<group>";
		};
		67EFFF48262954CA0067BCD3 /* icarus */ = {
			isa = PBXGroup;
			children = (
				67EFFF49262954CA0067BCD3 /* icarusApp.swift */,
				67EFFF4B262954CA0067BCD3 /* ContentView.swift */,
				67EFFF4D262954CC0067BCD3 /* Assets.xcassets */,
				67EFFF52262954CC0067BCD3 /* Info.plist */,
				67EFFF4F262954CC0067BCD3 /* Preview Content */,
			);
			path = icarus;
			sourceTree = "<group>";
		};
		67EFFF4F262954CC0067BCD3 /* Preview Content */ = {
			isa = PBXGroup;
			children = (
				67EFFF50262954CC0067BCD3 /* Preview Assets.xcassets */,
			);
			path = "Preview Content";
			sourceTree = "<group>";
		};
		67EFFF5A262954CD0067BCD3 /* icarusTests */ = {
			isa = PBXGroup;
			children = (
				67EFFF5B262954CD0067BCD3 /* icarusTests.swift */,
				67EFFF5D262954CD0067BCD3 /* Info.plist */,
			);
			path = icarusTests;
			sourceTree = "<group>";
		};
		67EFFF65262954CD0067BCD3 /* icarusUITests */ = {
			isa = PBXGroup;
			children = (
				67EFFF66262954CD0067BCD3 /* icarusUITests.swift */,
				67EFFF68262954CD0067BCD3 /* Info.plist */,
			);
			path = icarusUITests;
			sourceTree = "<group>";
		};
/* End PBXGroup section */

/* Begin PBXNativeTarget section */
		67EFFF45262954CA0067BCD3 /* icarus */ = {
			isa = PBXNativeTarget;
			buildConfigurationList = 67EFFF6B262954CD0067BCD3 /* Build configuration list for PBXNativeTarget "icarus" */;
			buildPhases = (
				67EFFF42262954CA0067BCD3 /* Sources */,
				67EFFF43262954CA0067BCD3 /* Frameworks */,
				67EFFF44262954CA0067BCD3 /* Resources */,
			);
			buildRules = (
			);
			dependencies = (
			);
			name = icarus;
			productName = icarus;
			productReference = 67EFFF46262954CA0067BCD3 /* icarus.app */;
			productType = "com.apple.product-type.application";
		};
		67EFFF56262954CD0067BCD3 /* icarusTests */ = {
			isa = PBXNativeTarget;
			buildConfigurationList = 67EFFF6E262954CD0067BCD3 /* Build configuration list for PBXNativeTarget "icarusTests" */;
			buildPhases = (
				67EFFF53262954CD0067BCD3 /* Sources */,
				67EFFF54262954CD0067BCD3 /* Frameworks */,
				67EFFF55262954CD0067BCD3 /* Resources */,
			);
			buildRules = (
			);
			dependencies = (
				67EFFF59262954CD0067BCD3 /* PBXTargetDependency */,
			);
			name = icarusTests;
			productName = icarusTests;
			productReference = 67EFFF57262954CD0067BCD3 /* icarusTests.xctest */;
			productType = "com.apple.product-type.bundle.unit-test";
		};
		67EFFF61262954CD0067BCD3 /* icarusUITests */ = {
			isa = PBXNativeTarget;
			buildConfigurationList = 67EFFF71262954CD0067BCD3 /* Build configuration list for PBXNativeTarget "icarusUITests" */;
			buildPhases = (
				67EFFF5E262954CD0067BCD3 /* Sources */,
				67EFFF5F262954CD0067BCD3 /* Frameworks */,
				67EFFF60262954CD0067BCD3 /* Resources */,
			);
			buildRules = (
			);
			dependencies = (
				67EFFF64262954CD0067BCD3 /* PBXTargetDependency */,
			);
			name = icarusUITests;
			productName = icarusUITests;
			productReference = 67EFFF62262954CD0067BCD3 /* icarusUITests.xctest */;
			productType = "com.apple.product-type.bundle.ui-testing";
		};
/* End PBXNativeTarget section */

/* Begin PBXProject section */
		67EFFF3E262954CA0067BCD3 /* Project object */ = {
			isa = PBXProject;
			attributes = {
				LastSwiftUpdateCheck = 1240;
				LastUpgradeCheck = 1240;
				TargetAttributes = {
					67EFFF45262954CA0067BCD3 = {
						CreatedOnToolsVersion = 12.4;
					};
					67EFFF56262954CD0067BCD3 = {
						CreatedOnToolsVersion = 12.4;
						TestTargetID = 67EFFF45262954CA0067BCD3;
					};
					67EFFF61262954CD0067BCD3 = {
						CreatedOnToolsVersion = 12.4;
						TestTargetID = 67EFFF45262954CA0067BCD3;
					};
				};
			};
			buildConfigurationList = 67EFFF41262954CA0067BCD3 /* Build configuration list for PBXProject "icarus" */;
			compatibilityVersion = "Xcode 9.3";
			developmentRegion = en;
			hasScannedForEncodings = 0;
			knownRegions = (
				en,
				Base,
			);
			mainGroup = 67EFFF3D262954CA0067BCD3;
			productRefGroup = 67EFFF47262954CA0067BCD3 /* Products */;
			projectDirPath = "";
			projectRoot = "";
			targets = (
				67EFFF45262954CA0067BCD3 /* icarus */,
				67EFFF56262954CD0067BCD3 /* icarusTests */,
				67EFFF61262954CD0067BCD3 /* icarusUITests */,
			);
		};
/* End PBXProject section */

/* Begin PBXResourcesBuildPhase section */
		67EFFF44262954CA0067BCD3 /* Resources */ = {
			isa = PBXResourcesBuildPhase;
			buildActionMask = 2147483647;
			files = (
				67EFFF51262954CC0067BCD3 /* Preview Assets.xcassets in Resources */,
				67EFFF4E262954CC0067BCD3 /* Assets.xcassets in Resources */,
			);
			runOnlyForDeploymentPostprocessing = 0;
		};
		67EFFF55262954CD0067BCD3 /* Resources */ = {
			isa = PBXResourcesBuildPhase;
			buildActionMask = 2147483647;
			files = (
			);
			runOnlyForDeploymentPostprocessing = 0;
		};
		67EFFF60262954CD0067BCD3 /* Resources */ = {
			isa = PBXResourcesBuildPhase;
			buildActionMask = 2147483647;
			files = (
			);
			runOnlyForDeploymentPostprocessing = 0;
		};
/* End PBXResourcesBuildPhase section */

/* Begin PBXSourcesBuildPhase section */
		67EFFF42262954CA0067BCD3 /* Sources */ = {
			isa = PBXSourcesBuildPhase;
			buildActionMask = 2147483647;
			files = (
				67EFFF4C262954CA0067BCD3 /* ContentView.swift in Sources */,
				67EFFF4A262954CA0067BCD3 /* icarusApp.swift in Sources */,
			);
			runOnlyForDeploymentPostprocessing = 0;
		};
		67EFFF53262954CD0067BCD3 /* Sources */ = {
			isa = PBXSourcesBuildPhase;
			buildActionMask = 2147483647;
			files = (
				67EFFF5C262954CD0067BCD3 /* icarusTests.swift in Sources */,
			);
			runOnlyForDeploymentPostprocessing = 0;
		};
		67EFFF5E262954CD0067BCD3 /* Sources */ = {
			isa = PBXSourcesBuildPhase;
			buildActionMask = 2147483647;
			files = (
				67EFFF67262954CD0067BCD3 /* icarusUITests.swift in Sources */,
			);
			runOnlyForDeploymentPostprocessing = 0;
		};
/* End PBXSourcesBuildPhase section */

/* Begin PBXTargetDependency section */
		67EFFF59262954CD0067BCD3 /* PBXTargetDependency */ = {
			isa = PBXTargetDependency;
			target = 67EFFF45262954CA0067BCD3 /* icarus */;
			targetProxy = 67EFFF58262954CD0067BCD3 /* PBXContainerItemProxy */;
		};
		67EFFF64262954CD0067BCD3 /* PBXTargetDependency */ = {
			isa = PBXTargetDependency;
			target = 67EFFF45262954CA0067BCD3 /* icarus */;
			targetProxy = 67EFFF63262954CD0067BCD3 /* PBXContainerItemProxy */;
		};
/* End PBXTargetDependency section */

/* Begin XCBuildConfiguration section */
		67EFFF69262954CD0067BCD3 /* Debug */ = {
			isa = XCBuildConfiguration;
			buildSettings = {
				ALWAYS_SEARCH_USER_PATHS = NO;
				CLANG_ANALYZER_NONNULL = YES;
				CLANG_ANALYZER_NUMBER_OBJECT_CONVERSION = YES_AGGRESSIVE;
				CLANG_CXX_LANGUAGE_STANDARD = "gnu++14";
				CLANG_CXX_LIBRARY = "libc++";
				CLANG_ENABLE_MODULES = YES;
				CLANG_ENABLE_OBJC_ARC = YES;
				CLANG_ENABLE_OBJC_WEAK = YES;
				CLANG_WARN_BLOCK_CAPTURE_AUTORELEASING = YES;
				CLANG_WARN_BOOL_CONVERSION = YES;
				CLANG_WARN_COMMA = YES;
				CLANG_WARN_CONSTANT_CONVERSION = YES;
				CLANG_WARN_DEPRECATED_OBJC_IMPLEMENTATIONS = YES;
				CLANG_WARN_DIRECT_OBJC_ISA_USAGE = YES_ERROR;
				CLANG_WARN_DOCUMENTATION_COMMENTS = YES;
				CLANG_WARN_EMPTY_BODY = YES;
				CLANG_WARN_ENUM_CONVERSION = YES;
				CLANG_WARN_INFINITE_RECURSION = YES;
				CLANG_WARN_INT_CONVERSION = YES;
				CLANG_WARN_NON_LITERAL_NULL_CONVERSION = YES;
				CLANG_WARN_OBJC_IMPLICIT_RETAIN_SELF = YES;
				CLANG_WARN_OBJC_LITERAL_CONVERSION = YES;
				CLANG_WARN_OBJC_ROOT_CLASS = YES_ERROR;
				CLANG_WARN_QUOTED_INCLUDE_IN_FRAMEWORK_HEADER = YES;
				CLANG_WARN_RANGE_LOOP_ANALYSIS = YES;
				CLANG_WARN_STRICT_PROTOTYPES = YES;
				CLANG_WARN_SUSPICIOUS_MOVE = YES;
				CLANG_WARN_UNGUARDED_AVAILABILITY = YES_AGGRESSIVE;
				CLANG_WARN_UNREACHABLE_CODE = YES;
				CLANG_WARN__DUPLICATE_METHOD_MATCH = YES;
				COPY_PHASE_STRIP = NO;
				DEBUG_INFORMATION_FORMAT = dwarf;
				ENABLE_STRICT_OBJC_MSGSEND = YES;
				ENABLE_TESTABILITY = YES;
				GCC_C_LANGUAGE_STANDARD = gnu11;
				GCC_DYNAMIC_NO_PIC = NO;
				GCC_NO_COMMON_BLOCKS = YES;
				GCC_OPTIMIZATION_LEVEL = 0;
				GCC_PREPROCESSOR_DEFINITIONS = (
					"DEBUG=1",
					"$(inherited)",
				);
				GCC_WARN_64_TO_32_BIT_CONVERSION = YES;
				GCC_WARN_ABOUT_RETURN_TYPE = YES_ERROR;
				GCC_WARN_UNDECLARED_SELECTOR = YES;
				GCC_WARN_UNINITIALIZED_AUTOS = YES_AGGRESSIVE;
				GCC_WARN_UNUSED_FUNCTION = YES;
				GCC_WARN_UNUSED_VARIABLE = YES;
				IPHONEOS_DEPLOYMENT_TARGET = 14.4;
				MTL_ENABLE_DEBUG_INFO = INCLUDE_SOURCE;
				MTL_FAST_MATH = YES;
				ONLY_ACTIVE_ARCH = YES;
				SDKROOT = iphoneos;
				SWIFT_ACTIVE_COMPILATION_CONDITIONS = DEBUG;
				SWIFT_OPTIMIZATION_LEVEL = "-Onone";
			};
			name = Debug;
		};
		67EFFF6A262954CD0067BCD3 /* Release */ = {
			isa = XCBuildConfiguration;
			buildSettings = {
				ALWAYS_SEARCH_USER_PATHS = NO;
				CLANG_ANALYZER_NONNULL = YES;
				CLANG_ANALYZER_NUMBER_OBJECT_CONVERSION = YES_AGGRESSIVE;
				CLANG_CXX_LANGUAGE_STANDARD = "gnu++14";
				CLANG_CXX_LIBRARY = "libc++";
				CLANG_ENABLE_MODULES = YES;
				CLANG_ENABLE_OBJC_ARC = YES;
				CLANG_ENABLE_OBJC_WEAK = YES;
				CLANG_WARN_BLOCK_CAPTURE_AUTORELEASING = YES;
				CLANG_WARN_BOOL_CONVERSION = YES;
				CLANG_WARN_COMMA = YES;
				CLANG_WARN_CONSTANT_CONVERSION = YES;
				CLANG_WARN_DEPRECATED_OBJC_IMPLEMENTATIONS = YES;
				CLANG_WARN_DIRECT_OBJC_ISA_USAGE = YES_ERROR;
				CLANG_WARN_DOCUMENTATION_COMMENTS = YES;
				CLANG_WARN_EMPTY_BODY = YES;
				CLANG_WARN_ENUM_CONVERSION = YES;
				CLANG_WARN_INFINITE_RECURSION = YES;
				CLANG_WARN_INT_CONVERSION = YES;
				CLANG_WARN_NON_LITERAL_NULL_CONVERSION = YES;
				CLANG_WARN_OBJC_IMPLICIT_RETAIN_SELF = YES;
				CLANG_WARN_OBJC_LITERAL_CONVERSION = YES;
				CLANG_WARN_OBJC_ROOT_CLASS = YES_ERROR;
				CLANG_WARN_QUOTED_INCLUDE_IN_FRAMEWORK_HEADER = YES;
				CLANG_WARN_RANGE_LOOP_ANALYSIS = YES;
				CLANG_WARN_STRICT_PROTOTYPES = YES;
				CLANG_WARN_SUSPICIOUS_MOVE = YES;
				CLANG_WARN_UNGUARDED_AVAILABILITY = YES_AGGRESSIVE;
				CLANG_WARN_UNREACHABLE_CODE = YES;
				CLANG_WARN__DUPLICATE_METHOD_MATCH = YES;
				COPY_PHASE_STRIP = NO;
				DEBUG_INFORMATION_FORMAT = "dwarf-with-dsym";
				ENABLE_NS_ASSERTIONS = NO;
				ENABLE_STRICT_OBJC_MSGSEND = YES;
				GCC_C_LANGUAGE_STANDARD = gnu11;
				GCC_NO_COMMON_BLOCKS = YES;
				GCC_WARN_64_TO_32_BIT_CONVERSION = YES;
				GCC_WARN_ABOUT_RETURN_TYPE = YES_ERROR;
				GCC_WARN_UNDECLARED_SELECTOR = YES;
				GCC_WARN_UNINITIALIZED_AUTOS = YES_AGGRESSIVE;
				GCC_WARN_UNUSED_FUNCTION = YES;
				GCC_WARN_UNUSED_VARIABLE = YES;
				IPHONEOS_DEPLOYMENT_TARGET = 14.4;
				MTL_ENABLE_DEBUG_INFO = NO;
				MTL_FAST_MATH = YES;
				SDKROOT = iphoneos;
				SWIFT_COMPILATION_MODE = wholemodule;
				SWIFT_OPTIMIZATION_LEVEL = "-O";
				VALIDATE_PRODUCT = YES;
			};
			name = Release;
		};
		67EFFF6C262954CD0067BCD3 /* Debug */ = {
			isa = XCBuildConfiguration;
			buildSettings = {
				ASSETCATALOG_COMPILER_APPICON_NAME = AppIcon;
				ASSETCATALOG_COMPILER_GLOBAL_ACCENT_COLOR_NAME = AccentColor;
				CODE_SIGN_STYLE = Automatic;
				DEVELOPMENT_ASSET_PATHS = "\"icarus/Preview Content\"";
				ENABLE_PREVIEWS = YES;
				INFOPLIST_FILE = icarus/Info.plist;
				IPHONEOS_DEPLOYMENT_TARGET = 14.0;
				LD_RUNPATH_SEARCH_PATHS = (
					"$(inherited)",
					"@executable_path/Frameworks",
				);
				PRODUCT_BUNDLE_IDENTIFIER = "-.icarus";
				PRODUCT_NAME = "$(TARGET_NAME)";
				SWIFT_VERSION = 5.0;
				TARGETED_DEVICE_FAMILY = "1,2";
			};
			name = Debug;
		};
		67EFFF6D262954CD0067BCD3 /* Release */ = {
			isa = XCBuildConfiguration;
			buildSettings = {
				ASSETCATALOG_COMPILER_APPICON_NAME = AppIcon;
				ASSETCATALOG_COMPILER_GLOBAL_ACCENT_COLOR_NAME = AccentColor;
				CODE_SIGN_STYLE = Automatic;
				DEVELOPMENT_ASSET_PATHS = "\"icarus/Preview Content\"";
				ENABLE_PREVIEWS = YES;
				INFOPLIST_FILE = icarus/Info.plist;
				IPHONEOS_DEPLOYMENT_TARGET = 14.0;
				LD_RUNPATH_SEARCH_PATHS = (
					"$(inherited)",
					"@executable_path/Frameworks",
				);
				PRODUCT_BUNDLE_IDENTIFIER = "-.icarus";
				PRODUCT_NAME = "$(TARGET_NAME)";
				SWIFT_VERSION = 5.0;
				TARGETED_DEVICE_FAMILY = "1,2";
			};
			name = Release;
		};
		67EFFF6F262954CD0067BCD3 /* Debug */ = {
			isa = XCBuildConfiguration;
			buildSettings = {
				ALWAYS_EMBED_SWIFT_STANDARD_LIBRARIES = YES;
				BUNDLE_LOADER = "$(TEST_HOST)";
				CODE_SIGN_STYLE = Automatic;
				INFOPLIST_FILE = icarusTests/Info.plist;
				IPHONEOS_DEPLOYMENT_TARGET = 14.0;
				LD_RUNPATH_SEARCH_PATHS = (
					"$(inherited)",
					"@executable_path/Frameworks",
					"@loader_path/Frameworks",
				);
				PRODUCT_BUNDLE_IDENTIFIER = "-.icarusTests";
				PRODUCT_NAME = "$(TARGET_NAME)";
				SWIFT_VERSION = 5.0;
				TARGETED_DEVICE_FAMILY = "1,2";
				TEST_HOST = "$(BUILT_PRODUCTS_DIR)/icarus.app/icarus";
			};
			name = Debug;
		};
		67EFFF70262954CD0067BCD3 /* Release */ = {
			isa = XCBuildConfiguration;
			buildSettings = {
				ALWAYS_EMBED_SWIFT_STANDARD_LIBRARIES = YES;
				BUNDLE_LOADER = "$(TEST_HOST)";
				CODE_SIGN_STYLE = Automatic;
				INFOPLIST_FILE = icarusTests/Info.plist;
				IPHONEOS_DEPLOYMENT_TARGET = 14.0;
				LD_RUNPATH_SEARCH_PATHS = (
					"$(inherited)",
					"@executable_path/Frameworks",
					"@loader_path/Frameworks",
				);
				PRODUCT_BUNDLE_IDENTIFIER = "-.icarusTests";
				PRODUCT_NAME = "$(TARGET_NAME)";
				SWIFT_VERSION = 5.0;
				TARGETED_DEVICE_FAMILY = "1,2";
				TEST_HOST = "$(BUILT_PRODUCTS_DIR)/icarus.app/icarus";
			};
			name = Release;
		};
		67EFFF72262954CD0067BCD3 /* Debug */ = {
			isa = XCBuildConfiguration;
			buildSettings = {
				ALWAYS_EMBED_SWIFT_STANDARD_LIBRARIES = YES;
				CODE_SIGN_STYLE = Automatic;
				INFOPLIST_FILE = icarusUITests/Info.plist;
				LD_RUNPATH_SEARCH_PATHS = (
					"$(inherited)",
					"@executable_path/Frameworks",
					"@loader_path/Frameworks",
				);
				PRODUCT_BUNDLE_IDENTIFIER = "-.icarusUITests";
				PRODUCT_NAME = "$(TARGET_NAME)";
				SWIFT_VERSION = 5.0;
				TARGETED_DEVICE_FAMILY = "1,2";
				TEST_TARGET_NAME = icarus;
			};
			name = Debug;
		};
		67EFFF73262954CD0067BCD3 /* Release */ = {
			isa = XCBuildConfiguration;
			buildSettings = {
				ALWAYS_EMBED_SWIFT_STANDARD_LIBRARIES = YES;
				CODE_SIGN_STYLE = Automatic;
				INFOPLIST_FILE = icarusUITests/Info.plist;
				LD_RUNPATH_SEARCH_PATHS = (
					"$(inherited)",
					"@executable_path/Frameworks",
					"@loader_path/Frameworks",
				);
				PRODUCT_BUNDLE_IDENTIFIER = "-.icarusUITests";
				PRODUCT_NAME = "$(TARGET_NAME)";
				SWIFT_VERSION = 5.0;
				TARGETED_DEVICE_FAMILY = "1,2";
				TEST_TARGET_NAME = icarus;
			};
			name = Release;
		};
/* End XCBuildConfiguration section */

/* Begin XCConfigurationList section */
		67EFFF41262954CA0067BCD3 /* Build configuration list for PBXProject "icarus" */ = {
			isa = XCConfigurationList;
			buildConfigurations = (
				67EFFF69262954CD0067BCD3 /* Debug */,
				67EFFF6A262954CD0067BCD3 /* Release */,
			);
			defaultConfigurationIsVisible = 0;
			defaultConfigurationName = Release;
		};
		67EFFF6B262954CD0067BCD3 /* Build configuration list for PBXNativeTarget "icarus" */ = {
			isa = XCConfigurationList;
			buildConfigurations = (
				67EFFF6C262954CD0067BCD3 /* Debug */,
				67EFFF6D262954CD0067BCD3 /* Release */,
			);
			defaultConfigurationIsVisible = 0;
			defaultConfigurationName = Release;
		};
		67EFFF6E262954CD0067BCD3 /* Build configuration list for PBXNativeTarget "icarusTests" */ = {
			isa = XCConfigurationList;
			buildConfigurations = (
				67EFFF6F262954CD0067BCD3 /* Debug */,
				67EFFF70262954CD0067BCD3 /* Release */,
			);
			defaultConfigurationIsVisible = 0;
			defaultConfigurationName = Release;
		};
		67EFFF71262954CD0067BCD3 /* Build configuration list for PBXNativeTarget "icarusUITests" */ = {
			isa = XCConfigurationList;
			buildConfigurations = (
				67EFFF72262954CD0067BCD3 /* Debug */,
				67EFFF73262954CD0067BCD3 /* Release */,
			);
			defaultConfigurationIsVisible = 0;
			defaultConfigurationName = Release;
		};
/* End XCConfigurationList section */
	};
	rootObject = 67EFFF3E262954CA0067BCD3 /* Project object */;
}
