// !$*UTF8*$!
{
	archiveVersion = 1;
	classes = {
	};
	objectVersion = 50;
	objects = {

/* Begin PBXBuildFile section */
		67CB8991262AAB8C00A2DB1C /* MainView.swift in Sources */ = {isa = PBXBuildFile; fileRef = 67CB8990262AAB8C00A2DB1C /* MainView.swift */; };
		67CB89A4262B4A8A00A2DB1C /* TrainingView.swift in Sources */ = {isa = PBXBuildFile; fileRef = 67CB89A3262B4A8A00A2DB1C /* TrainingView.swift */; };
		67CB89AC262B4DE800A2DB1C /* VisiView.swift in Sources */ = {isa = PBXBuildFile; fileRef = 67CB89AB262B4DE800A2DB1C /* VisiView.swift */; };
		67EFFF84262959C40067BCD3 /* testApp.swift in Sources */ = {isa = PBXBuildFile; fileRef = 67EFFF83262959C40067BCD3 /* testApp.swift */; };
		67EFFF86262959C40067BCD3 /* ContentView.swift in Sources */ = {isa = PBXBuildFile; fileRef = 67EFFF85262959C40067BCD3 /* ContentView.swift */; };
		67EFFF88262959C60067BCD3 /* Assets.xcassets in Resources */ = {isa = PBXBuildFile; fileRef = 67EFFF87262959C60067BCD3 /* Assets.xcassets */; };
		67EFFF8B262959C60067BCD3 /* Preview Assets.xcassets in Resources */ = {isa = PBXBuildFile; fileRef = 67EFFF8A262959C60067BCD3 /* Preview Assets.xcassets */; };
		67EFFF96262959C70067BCD3 /* testTests.swift in Sources */ = {isa = PBXBuildFile; fileRef = 67EFFF95262959C70067BCD3 /* testTests.swift */; };
		67EFFFA1262959C70067BCD3 /* testUITests.swift in Sources */ = {isa = PBXBuildFile; fileRef = 67EFFFA0262959C70067BCD3 /* testUITests.swift */; };
/* End PBXBuildFile section */

/* Begin PBXContainerItemProxy section */
		67EFFF92262959C70067BCD3 /* PBXContainerItemProxy */ = {
			isa = PBXContainerItemProxy;
			containerPortal = 67EFFF78262959C40067BCD3 /* Project object */;
			proxyType = 1;
			remoteGlobalIDString = 67EFFF7F262959C40067BCD3;
			remoteInfo = test;
		};
		67EFFF9D262959C70067BCD3 /* PBXContainerItemProxy */ = {
			isa = PBXContainerItemProxy;
			containerPortal = 67EFFF78262959C40067BCD3 /* Project object */;
			proxyType = 1;
			remoteGlobalIDString = 67EFFF7F262959C40067BCD3;
			remoteInfo = test;
		};
/* End PBXContainerItemProxy section */

/* Begin PBXFileReference section */
		67CB8990262AAB8C00A2DB1C /* MainView.swift */ = {isa = PBXFileReference; lastKnownFileType = sourcecode.swift; path = MainView.swift; sourceTree = "<group>"; };
		67CB89A3262B4A8A00A2DB1C /* TrainingView.swift */ = {isa = PBXFileReference; lastKnownFileType = sourcecode.swift; path = TrainingView.swift; sourceTree = "<group>"; };
		67CB89AB262B4DE800A2DB1C /* VisiView.swift */ = {isa = PBXFileReference; lastKnownFileType = sourcecode.swift; path = VisiView.swift; sourceTree = "<group>"; };
		67EFFF80262959C40067BCD3 /* test.app */ = {isa = PBXFileReference; explicitFileType = wrapper.application; includeInIndex = 0; path = test.app; sourceTree = BUILT_PRODUCTS_DIR; };
		67EFFF83262959C40067BCD3 /* testApp.swift */ = {isa = PBXFileReference; lastKnownFileType = sourcecode.swift; path = testApp.swift; sourceTree = "<group>"; };
		67EFFF85262959C40067BCD3 /* ContentView.swift */ = {isa = PBXFileReference; lastKnownFileType = sourcecode.swift; path = ContentView.swift; sourceTree = "<group>"; };
		67EFFF87262959C60067BCD3 /* Assets.xcassets */ = {isa = PBXFileReference; lastKnownFileType = folder.assetcatalog; path = Assets.xcassets; sourceTree = "<group>"; };
		67EFFF8A262959C60067BCD3 /* Preview Assets.xcassets */ = {isa = PBXFileReference; lastKnownFileType = folder.assetcatalog; path = "Preview Assets.xcassets"; sourceTree = "<group>"; };
		67EFFF8C262959C60067BCD3 /* Info.plist */ = {isa = PBXFileReference; lastKnownFileType = text.plist.xml; path = Info.plist; sourceTree = "<group>"; };
		67EFFF91262959C70067BCD3 /* testTests.xctest */ = {isa = PBXFileReference; explicitFileType = wrapper.cfbundle; includeInIndex = 0; path = testTests.xctest; sourceTree = BUILT_PRODUCTS_DIR; };
		67EFFF95262959C70067BCD3 /* testTests.swift */ = {isa = PBXFileReference; lastKnownFileType = sourcecode.swift; path = testTests.swift; sourceTree = "<group>"; };
		67EFFF97262959C70067BCD3 /* Info.plist */ = {isa = PBXFileReference; lastKnownFileType = text.plist.xml; path = Info.plist; sourceTree = "<group>"; };
		67EFFF9C262959C70067BCD3 /* testUITests.xctest */ = {isa = PBXFileReference; explicitFileType = wrapper.cfbundle; includeInIndex = 0; path = testUITests.xctest; sourceTree = BUILT_PRODUCTS_DIR; };
		67EFFFA0262959C70067BCD3 /* testUITests.swift */ = {isa = PBXFileReference; lastKnownFileType = sourcecode.swift; path = testUITests.swift; sourceTree = "<group>"; };
		67EFFFA2262959C70067BCD3 /* Info.plist */ = {isa = PBXFileReference; lastKnownFileType = text.plist.xml; path = Info.plist; sourceTree = "<group>"; };
/* End PBXFileReference section */

/* Begin PBXFrameworksBuildPhase section */
		67EFFF7D262959C40067BCD3 /* Frameworks */ = {
			isa = PBXFrameworksBuildPhase;
			buildActionMask = 2147483647;
			files = (
			);
			runOnlyForDeploymentPostprocessing = 0;
		};
		67EFFF8E262959C70067BCD3 /* Frameworks */ = {
			isa = PBXFrameworksBuildPhase;
			buildActionMask = 2147483647;
			files = (
			);
			runOnlyForDeploymentPostprocessing = 0;
		};
		67EFFF99262959C70067BCD3 /* Frameworks */ = {
			isa = PBXFrameworksBuildPhase;
			buildActionMask = 2147483647;
			files = (
			);
			runOnlyForDeploymentPostprocessing = 0;
		};
/* End PBXFrameworksBuildPhase section */

/* Begin PBXGroup section */
		67EFFF77262959C40067BCD3 = {
			isa = PBXGroup;
			children = (
				67EFFF82262959C40067BCD3 /* test */,
				67EFFF94262959C70067BCD3 /* testTests */,
				67EFFF9F262959C70067BCD3 /* testUITests */,
				67EFFF81262959C40067BCD3 /* Products */,
			);
			sourceTree = "<group>";
		};
		67EFFF81262959C40067BCD3 /* Products */ = {
			isa = PBXGroup;
			children = (
				67EFFF80262959C40067BCD3 /* test.app */,
				67EFFF91262959C70067BCD3 /* testTests.xctest */,
				67EFFF9C262959C70067BCD3 /* testUITests.xctest */,
			);
			name = Products;
			sourceTree = "<group>";
		};
		67EFFF82262959C40067BCD3 /* test */ = {
			isa = PBXGroup;
			children = (
				67EFFF83262959C40067BCD3 /* testApp.swift */,
				67EFFF85262959C40067BCD3 /* ContentView.swift */,
				67CB8990262AAB8C00A2DB1C /* MainView.swift */,
				67CB89A3262B4A8A00A2DB1C /* TrainingView.swift */,
				67CB89AB262B4DE800A2DB1C /* VisiView.swift */,
				67EFFF87262959C60067BCD3 /* Assets.xcassets */,
				67EFFF8C262959C60067BCD3 /* Info.plist */,
				67EFFF89262959C60067BCD3 /* Preview Content */,
			);
			path = test;
			sourceTree = "<group>";
		};
		67EFFF89262959C60067BCD3 /* Preview Content */ = {
			isa = PBXGroup;
			children = (
				67EFFF8A262959C60067BCD3 /* Preview Assets.xcassets */,
			);
			path = "Preview Content";
			sourceTree = "<group>";
		};
		67EFFF94262959C70067BCD3 /* testTests */ = {
			isa = PBXGroup;
			children = (
				67EFFF95262959C70067BCD3 /* testTests.swift */,
				67EFFF97262959C70067BCD3 /* Info.plist */,
			);
			path = testTests;
			sourceTree = "<group>";
		};
		67EFFF9F262959C70067BCD3 /* testUITests */ = {
			isa = PBXGroup;
			children = (
				67EFFFA0262959C70067BCD3 /* testUITests.swift */,
				67EFFFA2262959C70067BCD3 /* Info.plist */,
			);
			path = testUITests;
			sourceTree = "<group>";
		};
/* End PBXGroup section */

/* Begin PBXNativeTarget section */
		67EFFF7F262959C40067BCD3 /* test */ = {
			isa = PBXNativeTarget;
			buildConfigurationList = 67EFFFA5262959C70067BCD3 /* Build configuration list for PBXNativeTarget "test" */;
			buildPhases = (
				67EFFF7C262959C40067BCD3 /* Sources */,
				67EFFF7D262959C40067BCD3 /* Frameworks */,
				67EFFF7E262959C40067BCD3 /* Resources */,
			);
			buildRules = (
			);
			dependencies = (
			);
			name = test;
			productName = test;
			productReference = 67EFFF80262959C40067BCD3 /* test.app */;
			productType = "com.apple.product-type.application";
		};
		67EFFF90262959C70067BCD3 /* testTests */ = {
			isa = PBXNativeTarget;
			buildConfigurationList = 67EFFFA8262959C70067BCD3 /* Build configuration list for PBXNativeTarget "testTests" */;
			buildPhases = (
				67EFFF8D262959C70067BCD3 /* Sources */,
				67EFFF8E262959C70067BCD3 /* Frameworks */,
				67EFFF8F262959C70067BCD3 /* Resources */,
			);
			buildRules = (
			);
			dependencies = (
				67EFFF93262959C70067BCD3 /* PBXTargetDependency */,
			);
			name = testTests;
			productName = testTests;
			productReference = 67EFFF91262959C70067BCD3 /* testTests.xctest */;
			productType = "com.apple.product-type.bundle.unit-test";
		};
		67EFFF9B262959C70067BCD3 /* testUITests */ = {
			isa = PBXNativeTarget;
			buildConfigurationList = 67EFFFAB262959C70067BCD3 /* Build configuration list for PBXNativeTarget "testUITests" */;
			buildPhases = (
				67EFFF98262959C70067BCD3 /* Sources */,
				67EFFF99262959C70067BCD3 /* Frameworks */,
				67EFFF9A262959C70067BCD3 /* Resources */,
			);
			buildRules = (
			);
			dependencies = (
				67EFFF9E262959C70067BCD3 /* PBXTargetDependency */,
			);
			name = testUITests;
			productName = testUITests;
			productReference = 67EFFF9C262959C70067BCD3 /* testUITests.xctest */;
			productType = "com.apple.product-type.bundle.ui-testing";
		};
/* End PBXNativeTarget section */

/* Begin PBXProject section */
		67EFFF78262959C40067BCD3 /* Project object */ = {
			isa = PBXProject;
			attributes = {
				LastSwiftUpdateCheck = 1240;
				LastUpgradeCheck = 1240;
				TargetAttributes = {
					67EFFF7F262959C40067BCD3 = {
						CreatedOnToolsVersion = 12.4;
					};
					67EFFF90262959C70067BCD3 = {
						CreatedOnToolsVersion = 12.4;
						TestTargetID = 67EFFF7F262959C40067BCD3;
					};
					67EFFF9B262959C70067BCD3 = {
						CreatedOnToolsVersion = 12.4;
						TestTargetID = 67EFFF7F262959C40067BCD3;
					};
				};
			};
			buildConfigurationList = 67EFFF7B262959C40067BCD3 /* Build configuration list for PBXProject "test" */;
			compatibilityVersion = "Xcode 9.3";
			developmentRegion = en;
			hasScannedForEncodings = 0;
			knownRegions = (
				en,
				Base,
			);
			mainGroup = 67EFFF77262959C40067BCD3;
			productRefGroup = 67EFFF81262959C40067BCD3 /* Products */;
			projectDirPath = "";
			projectRoot = "";
			targets = (
				67EFFF7F262959C40067BCD3 /* test */,
				67EFFF90262959C70067BCD3 /* testTests */,
				67EFFF9B262959C70067BCD3 /* testUITests */,
			);
		};
/* End PBXProject section */

/* Begin PBXResourcesBuildPhase section */
		67EFFF7E262959C40067BCD3 /* Resources */ = {
			isa = PBXResourcesBuildPhase;
			buildActionMask = 2147483647;
			files = (
				67EFFF8B262959C60067BCD3 /* Preview Assets.xcassets in Resources */,
				67EFFF88262959C60067BCD3 /* Assets.xcassets in Resources */,
			);
			runOnlyForDeploymentPostprocessing = 0;
		};
		67EFFF8F262959C70067BCD3 /* Resources */ = {
			isa = PBXResourcesBuildPhase;
			buildActionMask = 2147483647;
			files = (
			);
			runOnlyForDeploymentPostprocessing = 0;
		};
		67EFFF9A262959C70067BCD3 /* Resources */ = {
			isa = PBXResourcesBuildPhase;
			buildActionMask = 2147483647;
			files = (
			);
			runOnlyForDeploymentPostprocessing = 0;
		};
/* End PBXResourcesBuildPhase section */

/* Begin PBXSourcesBuildPhase section */
		67EFFF7C262959C40067BCD3 /* Sources */ = {
			isa = PBXSourcesBuildPhase;
			buildActionMask = 2147483647;
			files = (
				67CB89AC262B4DE800A2DB1C /* VisiView.swift in Sources */,
				67CB89A4262B4A8A00A2DB1C /* TrainingView.swift in Sources */,
				67EFFF86262959C40067BCD3 /* ContentView.swift in Sources */,
				67CB8991262AAB8C00A2DB1C /* MainView.swift in Sources */,
				67EFFF84262959C40067BCD3 /* testApp.swift in Sources */,
			);
			runOnlyForDeploymentPostprocessing = 0;
		};
		67EFFF8D262959C70067BCD3 /* Sources */ = {
			isa = PBXSourcesBuildPhase;
			buildActionMask = 2147483647;
			files = (
				67EFFF96262959C70067BCD3 /* testTests.swift in Sources */,
			);
			runOnlyForDeploymentPostprocessing = 0;
		};
		67EFFF98262959C70067BCD3 /* Sources */ = {
			isa = PBXSourcesBuildPhase;
			buildActionMask = 2147483647;
			files = (
				67EFFFA1262959C70067BCD3 /* testUITests.swift in Sources */,
			);
			runOnlyForDeploymentPostprocessing = 0;
		};
/* End PBXSourcesBuildPhase section */

/* Begin PBXTargetDependency section */
		67EFFF93262959C70067BCD3 /* PBXTargetDependency */ = {
			isa = PBXTargetDependency;
			target = 67EFFF7F262959C40067BCD3 /* test */;
			targetProxy = 67EFFF92262959C70067BCD3 /* PBXContainerItemProxy */;
		};
		67EFFF9E262959C70067BCD3 /* PBXTargetDependency */ = {
			isa = PBXTargetDependency;
			target = 67EFFF7F262959C40067BCD3 /* test */;
			targetProxy = 67EFFF9D262959C70067BCD3 /* PBXContainerItemProxy */;
		};
/* End PBXTargetDependency section */

/* Begin XCBuildConfiguration section */
		67EFFFA3262959C70067BCD3 /* Debug */ = {
			isa = XCBuildConfiguration;
			buildSettings = {
				ALWAYS_SEARCH_USER_PATHS = NO;
				CLANG_ANALYZER_NONNULL = YES;
				CLANG_ANALYZER_NUMBER_OBJECT_CONVERSION = YES_AGGRESSIVE;
				CLANG_CXX_LANGUAGE_STANDARD = "gnu++14";
				CLANG_CXX_LIBRARY = "libc++";
				CLANG_ENABLE_MODULES = YES;
				CLANG_ENABLE_OBJC_ARC = YES;
				CLANG_ENABLE_OBJC_WEAK = YES;
				CLANG_WARN_BLOCK_CAPTURE_AUTORELEASING = YES;
				CLANG_WARN_BOOL_CONVERSION = YES;
				CLANG_WARN_COMMA = YES;
				CLANG_WARN_CONSTANT_CONVERSION = YES;
				CLANG_WARN_DEPRECATED_OBJC_IMPLEMENTATIONS = YES;
				CLANG_WARN_DIRECT_OBJC_ISA_USAGE = YES_ERROR;
				CLANG_WARN_DOCUMENTATION_COMMENTS = YES;
				CLANG_WARN_EMPTY_BODY = YES;
				CLANG_WARN_ENUM_CONVERSION = YES;
				CLANG_WARN_INFINITE_RECURSION = YES;
				CLANG_WARN_INT_CONVERSION = YES;
				CLANG_WARN_NON_LITERAL_NULL_CONVERSION = YES;
				CLANG_WARN_OBJC_IMPLICIT_RETAIN_SELF = YES;
				CLANG_WARN_OBJC_LITERAL_CONVERSION = YES;
				CLANG_WARN_OBJC_ROOT_CLASS = YES_ERROR;
				CLANG_WARN_QUOTED_INCLUDE_IN_FRAMEWORK_HEADER = YES;
				CLANG_WARN_RANGE_LOOP_ANALYSIS = YES;
				CLANG_WARN_STRICT_PROTOTYPES = YES;
				CLANG_WARN_SUSPICIOUS_MOVE = YES;
				CLANG_WARN_UNGUARDED_AVAILABILITY = YES_AGGRESSIVE;
				CLANG_WARN_UNREACHABLE_CODE = YES;
				CLANG_WARN__DUPLICATE_METHOD_MATCH = YES;
				COPY_PHASE_STRIP = NO;
				DEBUG_INFORMATION_FORMAT = dwarf;
				ENABLE_STRICT_OBJC_MSGSEND = YES;
				ENABLE_TESTABILITY = YES;
				GCC_C_LANGUAGE_STANDARD = gnu11;
				GCC_DYNAMIC_NO_PIC = NO;
				GCC_NO_COMMON_BLOCKS = YES;
				GCC_OPTIMIZATION_LEVEL = 0;
				GCC_PREPROCESSOR_DEFINITIONS = (
					"DEBUG=1",
					"$(inherited)",
				);
				GCC_WARN_64_TO_32_BIT_CONVERSION = YES;
				GCC_WARN_ABOUT_RETURN_TYPE = YES_ERROR;
				GCC_WARN_UNDECLARED_SELECTOR = YES;
				GCC_WARN_UNINITIALIZED_AUTOS = YES_AGGRESSIVE;
				GCC_WARN_UNUSED_FUNCTION = YES;
				GCC_WARN_UNUSED_VARIABLE = YES;
				IPHONEOS_DEPLOYMENT_TARGET = 14.4;
				MTL_ENABLE_DEBUG_INFO = INCLUDE_SOURCE;
				MTL_FAST_MATH = YES;
				ONLY_ACTIVE_ARCH = YES;
				SDKROOT = iphoneos;
				SWIFT_ACTIVE_COMPILATION_CONDITIONS = DEBUG;
				SWIFT_OPTIMIZATION_LEVEL = "-Onone";
			};
			name = Debug;
		};
		67EFFFA4262959C70067BCD3 /* Release */ = {
			isa = XCBuildConfiguration;
			buildSettings = {
				ALWAYS_SEARCH_USER_PATHS = NO;
				CLANG_ANALYZER_NONNULL = YES;
				CLANG_ANALYZER_NUMBER_OBJECT_CONVERSION = YES_AGGRESSIVE;
				CLANG_CXX_LANGUAGE_STANDARD = "gnu++14";
				CLANG_CXX_LIBRARY = "libc++";
				CLANG_ENABLE_MODULES = YES;
				CLANG_ENABLE_OBJC_ARC = YES;
				CLANG_ENABLE_OBJC_WEAK = YES;
				CLANG_WARN_BLOCK_CAPTURE_AUTORELEASING = YES;
				CLANG_WARN_BOOL_CONVERSION = YES;
				CLANG_WARN_COMMA = YES;
				CLANG_WARN_CONSTANT_CONVERSION = YES;
				CLANG_WARN_DEPRECATED_OBJC_IMPLEMENTATIONS = YES;
				CLANG_WARN_DIRECT_OBJC_ISA_USAGE = YES_ERROR;
				CLANG_WARN_DOCUMENTATION_COMMENTS = YES;
				CLANG_WARN_EMPTY_BODY = YES;
				CLANG_WARN_ENUM_CONVERSION = YES;
				CLANG_WARN_INFINITE_RECURSION = YES;
				CLANG_WARN_INT_CONVERSION = YES;
				CLANG_WARN_NON_LITERAL_NULL_CONVERSION = YES;
				CLANG_WARN_OBJC_IMPLICIT_RETAIN_SELF = YES;
				CLANG_WARN_OBJC_LITERAL_CONVERSION = YES;
				CLANG_WARN_OBJC_ROOT_CLASS = YES_ERROR;
				CLANG_WARN_QUOTED_INCLUDE_IN_FRAMEWORK_HEADER = YES;
				CLANG_WARN_RANGE_LOOP_ANALYSIS = YES;
				CLANG_WARN_STRICT_PROTOTYPES = YES;
				CLANG_WARN_SUSPICIOUS_MOVE = YES;
				CLANG_WARN_UNGUARDED_AVAILABILITY = YES_AGGRESSIVE;
				CLANG_WARN_UNREACHABLE_CODE = YES;
				CLANG_WARN__DUPLICATE_METHOD_MATCH = YES;
				COPY_PHASE_STRIP = NO;
				DEBUG_INFORMATION_FORMAT = "dwarf-with-dsym";
				ENABLE_NS_ASSERTIONS = NO;
				ENABLE_STRICT_OBJC_MSGSEND = YES;
				GCC_C_LANGUAGE_STANDARD = gnu11;
				GCC_NO_COMMON_BLOCKS = YES;
				GCC_WARN_64_TO_32_BIT_CONVERSION = YES;
				GCC_WARN_ABOUT_RETURN_TYPE = YES_ERROR;
				GCC_WARN_UNDECLARED_SELECTOR = YES;
				GCC_WARN_UNINITIALIZED_AUTOS = YES_AGGRESSIVE;
				GCC_WARN_UNUSED_FUNCTION = YES;
				GCC_WARN_UNUSED_VARIABLE = YES;
				IPHONEOS_DEPLOYMENT_TARGET = 14.4;
				MTL_ENABLE_DEBUG_INFO = NO;
				MTL_FAST_MATH = YES;
				SDKROOT = iphoneos;
				SWIFT_COMPILATION_MODE = wholemodule;
				SWIFT_OPTIMIZATION_LEVEL = "-O";
				VALIDATE_PRODUCT = YES;
			};
			name = Release;
		};
		67EFFFA6262959C70067BCD3 /* Debug */ = {
			isa = XCBuildConfiguration;
			buildSettings = {
				ASSETCATALOG_COMPILER_APPICON_NAME = AppIcon;
				ASSETCATALOG_COMPILER_GLOBAL_ACCENT_COLOR_NAME = AccentColor;
				CODE_SIGN_STYLE = Automatic;
				DEVELOPMENT_ASSET_PATHS = "\"test/Preview Content\"";
				ENABLE_PREVIEWS = YES;
				INFOPLIST_FILE = test/Info.plist;
				IPHONEOS_DEPLOYMENT_TARGET = 14.0;
				LD_RUNPATH_SEARCH_PATHS = (
					"$(inherited)",
					"@executable_path/Frameworks",
				);
				PRODUCT_BUNDLE_IDENTIFIER = "-.test";
				PRODUCT_NAME = "$(TARGET_NAME)";
				SWIFT_VERSION = 5.0;
				TARGETED_DEVICE_FAMILY = "1,2";
			};
			name = Debug;
		};
		67EFFFA7262959C70067BCD3 /* Release */ = {
			isa = XCBuildConfiguration;
			buildSettings = {
				ASSETCATALOG_COMPILER_APPICON_NAME = AppIcon;
				ASSETCATALOG_COMPILER_GLOBAL_ACCENT_COLOR_NAME = AccentColor;
				CODE_SIGN_STYLE = Automatic;
				DEVELOPMENT_ASSET_PATHS = "\"test/Preview Content\"";
				ENABLE_PREVIEWS = YES;
				INFOPLIST_FILE = test/Info.plist;
				IPHONEOS_DEPLOYMENT_TARGET = 14.0;
				LD_RUNPATH_SEARCH_PATHS = (
					"$(inherited)",
					"@executable_path/Frameworks",
				);
				PRODUCT_BUNDLE_IDENTIFIER = "-.test";
				PRODUCT_NAME = "$(TARGET_NAME)";
				SWIFT_VERSION = 5.0;
				TARGETED_DEVICE_FAMILY = "1,2";
			};
			name = Release;
		};
		67EFFFA9262959C70067BCD3 /* Debug */ = {
			isa = XCBuildConfiguration;
			buildSettings = {
				ALWAYS_EMBED_SWIFT_STANDARD_LIBRARIES = YES;
				BUNDLE_LOADER = "$(TEST_HOST)";
				CODE_SIGN_STYLE = Automatic;
				INFOPLIST_FILE = testTests/Info.plist;
				IPHONEOS_DEPLOYMENT_TARGET = 14.0;
				LD_RUNPATH_SEARCH_PATHS = (
					"$(inherited)",
					"@executable_path/Frameworks",
					"@loader_path/Frameworks",
				);
				PRODUCT_BUNDLE_IDENTIFIER = "-.testTests";
				PRODUCT_NAME = "$(TARGET_NAME)";
				SWIFT_VERSION = 5.0;
				TARGETED_DEVICE_FAMILY = "1,2";
				TEST_HOST = "$(BUILT_PRODUCTS_DIR)/test.app/test";
			};
			name = Debug;
		};
		67EFFFAA262959C70067BCD3 /* Release */ = {
			isa = XCBuildConfiguration;
			buildSettings = {
				ALWAYS_EMBED_SWIFT_STANDARD_LIBRARIES = YES;
				BUNDLE_LOADER = "$(TEST_HOST)";
				CODE_SIGN_STYLE = Automatic;
				INFOPLIST_FILE = testTests/Info.plist;
				IPHONEOS_DEPLOYMENT_TARGET = 14.0;
				LD_RUNPATH_SEARCH_PATHS = (
					"$(inherited)",
					"@executable_path/Frameworks",
					"@loader_path/Frameworks",
				);
				PRODUCT_BUNDLE_IDENTIFIER = "-.testTests";
				PRODUCT_NAME = "$(TARGET_NAME)";
				SWIFT_VERSION = 5.0;
				TARGETED_DEVICE_FAMILY = "1,2";
				TEST_HOST = "$(BUILT_PRODUCTS_DIR)/test.app/test";
			};
			name = Release;
		};
		67EFFFAC262959C70067BCD3 /* Debug */ = {
			isa = XCBuildConfiguration;
			buildSettings = {
				ALWAYS_EMBED_SWIFT_STANDARD_LIBRARIES = YES;
				CODE_SIGN_STYLE = Automatic;
				INFOPLIST_FILE = testUITests/Info.plist;
				LD_RUNPATH_SEARCH_PATHS = (
					"$(inherited)",
					"@executable_path/Frameworks",
					"@loader_path/Frameworks",
				);
				PRODUCT_BUNDLE_IDENTIFIER = "-.testUITests";
				PRODUCT_NAME = "$(TARGET_NAME)";
				SWIFT_VERSION = 5.0;
				TARGETED_DEVICE_FAMILY = "1,2";
				TEST_TARGET_NAME = test;
			};
			name = Debug;
		};
		67EFFFAD262959C70067BCD3 /* Release */ = {
			isa = XCBuildConfiguration;
			buildSettings = {
				ALWAYS_EMBED_SWIFT_STANDARD_LIBRARIES = YES;
				CODE_SIGN_STYLE = Automatic;
				INFOPLIST_FILE = testUITests/Info.plist;
				LD_RUNPATH_SEARCH_PATHS = (
					"$(inherited)",
					"@executable_path/Frameworks",
					"@loader_path/Frameworks",
				);
				PRODUCT_BUNDLE_IDENTIFIER = "-.testUITests";
				PRODUCT_NAME = "$(TARGET_NAME)";
				SWIFT_VERSION = 5.0;
				TARGETED_DEVICE_FAMILY = "1,2";
				TEST_TARGET_NAME = test;
			};
			name = Release;
		};
/* End XCBuildConfiguration section */

/* Begin XCConfigurationList section */
		67EFFF7B262959C40067BCD3 /* Build configuration list for PBXProject "test" */ = {
			isa = XCConfigurationList;
			buildConfigurations = (
				67EFFFA3262959C70067BCD3 /* Debug */,
				67EFFFA4262959C70067BCD3 /* Release */,
			);
			defaultConfigurationIsVisible = 0;
			defaultConfigurationName = Release;
		};
		67EFFFA5262959C70067BCD3 /* Build configuration list for PBXNativeTarget "test" */ = {
			isa = XCConfigurationList;
			buildConfigurations = (
				67EFFFA6262959C70067BCD3 /* Debug */,
				67EFFFA7262959C70067BCD3 /* Release */,
			);
			defaultConfigurationIsVisible = 0;
			defaultConfigurationName = Release;
		};
		67EFFFA8262959C70067BCD3 /* Build configuration list for PBXNativeTarget "testTests" */ = {
			isa = XCConfigurationList;
			buildConfigurations = (
				67EFFFA9262959C70067BCD3 /* Debug */,
				67EFFFAA262959C70067BCD3 /* Release */,
			);
			defaultConfigurationIsVisible = 0;
			defaultConfigurationName = Release;
		};
		67EFFFAB262959C70067BCD3 /* Build configuration list for PBXNativeTarget "testUITests" */ = {
			isa = XCConfigurationList;
			buildConfigurations = (
				67EFFFAC262959C70067BCD3 /* Debug */,
				67EFFFAD262959C70067BCD3 /* Release */,
			);
			defaultConfigurationIsVisible = 0;
			defaultConfigurationName = Release;
		};
/* End XCConfigurationList section */
	};
	rootObject = 67EFFF78262959C40067BCD3 /* Project object */;
}
